Microsoft Visual Studio Solution File, Format Version 12.00
# Visual Studio Version 17
VisualStudioVersion = 17.5.2.0
MinimumVisualStudioVersion = 10.0.40219.1
Project("{2150E333-8FDC-42A3-9474-1A3956D46DE8}") = "webapi", "webapi", "{6EDC7094-E22D-CF10-605B-B42C7FB8B0A8}"
EndProject
Project("{FAE04EC0-301F-11D3-BF4B-00C04F79EFBC}") = "webcompanionapi", "webapi\webcompanionapi\webcompanionapi.csproj", "{7BBD81E4-18C4-AAD5-0C31-77041553F718}"
EndProject
Global
	GlobalSection(SolutionConfigurationPlatforms) = preSolution
		Debug|Any CPU = Debug|Any CPU
		Release|Any CPU = Release|Any CPU
	EndGlobalSection
	GlobalSection(ProjectConfigurationPlatforms) = postSolution
		{7BBD81E4-18C4-AAD5-0C31-77041553F718}.Debug|Any CPU.ActiveCfg = Debug|Any CPU
		{7BBD81E4-18C4-AAD5-0C31-77041553F718}.Debug|Any CPU.Build.0 = Debug|Any CPU
		{7BBD81E4-18C4-AAD5-0C31-77041553F718}.Release|Any CPU.ActiveCfg = Release|Any CPU
		{7BBD81E4-18C4-AAD5-0C31-77041553F718}.Release|Any CPU.Build.0 = Release|Any CPU
	EndGlobalSection
	GlobalSection(SolutionProperties) = preSolution
		HideSolutionNode = FALSE
	EndGlobalSection
	GlobalSection(NestedProjects) = preSolution
		{7BBD81E4-18C4-AAD5-0C31-77041553F718} = {6EDC7094-E22D-CF10-605B-B42C7FB8B0A8}
	EndGlobalSection
	GlobalSection(ExtensibilityGlobals) = postSolution
		SolutionGuid = {B12EEB0E-A197-46CE-AC96-ABF062E52CC1}
	EndGlobalSection
EndGlobal
